
Microsoft Visual Studio Solution File, Format Version 12.00
# Visual Studio Version 17
VisualStudioVersion = 17.5.002.0
MinimumVisualStudioVersion = 10.0.40219.1
Project("{2150E333-8FDC-42A3-9474-1A3956D46DE8}") = "src", "src", "{A7114882-74C8-4E2B-AFBA-D791BACE8F6D}"
EndProject
Project("{9A19103F-16F7-4668-BE54-9A1E7A4F7556}") = "Play.Identity.Service", "src\Play.Identity.Service\Play.Identity.Service.csproj", "{B12AF6EA-82A3-4C1B-B2AB-C06F5FA333AE}"
EndProject
Global
	GlobalSection(SolutionConfigurationPlatforms) = preSolution
		Debug|Any CPU = Debug|Any CPU
		Release|Any CPU = Release|Any CPU
	EndGlobalSection
	GlobalSection(ProjectConfigurationPlatforms) = postSolution
		{B12AF6EA-82A3-4C1B-B2AB-C06F5FA333AE}.Debug|Any CPU.ActiveCfg = Debug|Any CPU
		{B12AF6EA-82A3-4C1B-B2AB-C06F5FA333AE}.Debug|Any CPU.Build.0 = Debug|Any CPU
		{B12AF6EA-82A3-4C1B-B2AB-C06F5FA333AE}.Release|Any CPU.ActiveCfg = Release|Any CPU
		{B12AF6EA-82A3-4C1B-B2AB-C06F5FA333AE}.Release|Any CPU.Build.0 = Release|Any CPU
	EndGlobalSection
	GlobalSection(SolutionProperties) = preSolution
		HideSolutionNode = FALSE
	EndGlobalSection
	GlobalSection(NestedProjects) = preSolution
		{B12AF6EA-82A3-4C1B-B2AB-C06F5FA333AE} = {A7114882-74C8-4E2B-AFBA-D791BACE8F6D}
	EndGlobalSection
	GlobalSection(ExtensibilityGlobals) = postSolution
		SolutionGuid = {DEB7B224-B28F-4CB0-98EB-EF4929FCF6A9}
	EndGlobalSection
EndGlobal
